
Microsoft Visual Studio Solution File, Format Version 12.00
# Visual Studio Version 17
VisualStudioVersion = 17.7.34024.191
MinimumVisualStudioVersion = 10.0.40219.1
Project("{FAE04EC0-301F-11D3-BF4B-00C04F79EFBC}") = "PRN221_Project", "PRN221_Project.csproj", "{C3394C44-C579-4F40-8782-030F589828BC}"
EndProject
Global
	GlobalSection(SolutionConfigurationPlatforms) = preSolution
		Debug|Any CPU = Debug|Any CPU
		Release|Any CPU = Release|Any CPU
	EndGlobalSection
	GlobalSection(ProjectConfigurationPlatforms) = postSolution
		{C3394C44-C579-4F40-8782-030F589828BC}.Debug|Any CPU.ActiveCfg = Debug|Any CPU
		{C3394C44-C579-4F40-8782-030F589828BC}.Debug|Any CPU.Build.0 = Debug|Any CPU
		{C3394C44-C579-4F40-8782-030F589828BC}.Release|Any CPU.ActiveCfg = Release|Any CPU
		{C3394C44-C579-4F40-8782-030F589828BC}.Release|Any CPU.Build.0 = Release|Any CPU
	EndGlobalSection
	GlobalSection(SolutionProperties) = preSolution
		HideSolutionNode = FALSE
	EndGlobalSection
	GlobalSection(ExtensibilityGlobals) = postSolution
		SolutionGuid = {2B43F96C-ABC6-4871-8854-613E299AB2BF}
	EndGlobalSection
EndGlobal
